{
  "name": "packageex",
  "version": "1.0.0",
  "lockfileVersion": 2,
  "requires": true,
  "packages": {
    "": {
      "name": "packageex",
      "version": "1.0.0",
      "license": "ISC",
      "dependencies": {
        "@yanius27/ajs": "^1.0.0"
      }
    },
    "node_modules/@yanius27/ajs": {
      "version": "1.0.0",
      "resolved": "https://npm.pkg.github.com/download/@yanius27/ajs/1.0.0/6c6a85badbab96d8fbf7b4ec6af622e7eaa45d0e",
      "integrity": "sha512-Nt8jgTnKpmRMF/bVkE9b6KPQiL3Pwduowz4s71l5OnkQZMTjwW8BkpyO/yLihQ3vwnlUtzy+6Suma9qmkAVmGQ==",
      "license": "ISC"
    }
  },
  "dependencies": {
    "@yanius27/ajs": {
      "version": "1.0.0",
      "resolved": "https://npm.pkg.github.com/download/@yanius27/ajs/1.0.0/6c6a85badbab96d8fbf7b4ec6af622e7eaa45d0e",
      "integrity": "sha512-Nt8jgTnKpmRMF/bVkE9b6KPQiL3Pwduowz4s71l5OnkQZMTjwW8BkpyO/yLihQ3vwnlUtzy+6Suma9qmkAVmGQ=="
    }
  }
}
